
Microsoft Visual Studio Solution File, Format Version 12.00
# Visual Studio 14
VisualStudioVersion = 14.0.25420.1
MinimumVisualStudioVersion = 10.0.40219.1
Project("{2150E333-8FDC-42A3-9474-1A3956D46DE8}") = ".nuget", ".nuget", "{F03DD0BF-C5A7-4D8E-BB6C-F98029F5D903}"
	ProjectSection(SolutionItems) = preProject
		.nuget\NuGet.Config = .nuget\NuGet.Config
		.nuget\NuGet.exe = .nuget\NuGet.exe
		.nuget\NuGet.targets = .nuget\NuGet.targets
	EndProjectSection
EndProject
Project("{FAE04EC0-301F-11D3-BF4B-00C04F79EFBC}") = "Innovator.ClientTests", "Innovator.ClientTests\Innovator.ClientTests.csproj", "{A0FEDAB9-13D3-4489-B17E-7156CA1BC5C2}"
EndProject
Project("{FAE04EC0-301F-11D3-BF4B-00C04F79EFBC}") = "HttpClientPolyfill", "HttpClientPolyfill\HttpClientPolyfill.csproj", "{AD8909AD-9CCE-4844-B784-2E953BEDEBE2}"
EndProject
Project("{FAE04EC0-301F-11D3-BF4B-00C04F79EFBC}") = "Innovator.Client", "Innovator.Client\Innovator.Client.csproj", "{ED45C66C-9224-4962-8D68-A0607D5B5B67}"
EndProject
Global
	GlobalSection(SolutionConfigurationPlatforms) = preSolution
		Debug|Any CPU = Debug|Any CPU
		Debug|Mixed Platforms = Debug|Mixed Platforms
		Debug|Net35 = Debug|Net35
		Debug|Net40 = Debug|Net40
		Debug|WithNRefactory = Debug|WithNRefactory
		Debug|x86 = Debug|x86
		NET35|Any CPU = NET35|Any CPU
		NET35|Mixed Platforms = NET35|Mixed Platforms
		NET35|Net35 = NET35|Net35
		NET35|Net40 = NET35|Net40
		NET35|WithNRefactory = NET35|WithNRefactory
		NET35|x86 = NET35|x86
		NET40|Any CPU = NET40|Any CPU
		NET40|Mixed Platforms = NET40|Mixed Platforms
		NET40|Net35 = NET40|Net35
		NET40|Net40 = NET40|Net40
		NET40|WithNRefactory = NET40|WithNRefactory
		NET40|x86 = NET40|x86
		NET45|Any CPU = NET45|Any CPU
		NET45|Mixed Platforms = NET45|Mixed Platforms
		NET45|Net35 = NET45|Net35
		NET45|Net40 = NET45|Net40
		NET45|WithNRefactory = NET45|WithNRefactory
		NET45|x86 = NET45|x86
		NET46|Any CPU = NET46|Any CPU
		NET46|Mixed Platforms = NET46|Mixed Platforms
		NET46|Net35 = NET46|Net35
		NET46|Net40 = NET46|Net40
		NET46|WithNRefactory = NET46|WithNRefactory
		NET46|x86 = NET46|x86
		Release|Any CPU = Release|Any CPU
		Release|Mixed Platforms = Release|Mixed Platforms
		Release|Net35 = Release|Net35
		Release|Net40 = Release|Net40
		Release|WithNRefactory = Release|WithNRefactory
		Release|x86 = Release|x86
	EndGlobalSection
	GlobalSection(ProjectConfigurationPlatforms) = postSolution
		{D909EF15-81AA-4119-AB5A-1636CA8C08FC}.Debug|Any CPU.ActiveCfg = Debug|Any CPU
		{D909EF15-81AA-4119-AB5A-1636CA8C08FC}.Debug|Any CPU.Build.0 = Debug|Any CPU
		{D909EF15-81AA-4119-AB5A-1636CA8C08FC}.Debug|Mixed Platforms.ActiveCfg = Debug|Any CPU
		{D909EF15-81AA-4119-AB5A-1636CA8C08FC}.Debug|Mixed Platforms.Build.0 = Debug|Any CPU
		{D909EF15-81AA-4119-AB5A-1636CA8C08FC}.Debug|Net35.ActiveCfg = Debug|Any CPU
		{D909EF15-81AA-4119-AB5A-1636CA8C08FC}.Debug|Net35.Build.0 = Debug|Any CPU
		{D909EF15-81AA-4119-AB5A-1636CA8C08FC}.Debug|Net40.ActiveCfg = Debug|Any CPU
		{D909EF15-81AA-4119-AB5A-1636CA8C08FC}.Debug|Net40.Build.0 = Debug|Any CPU
		{D909EF15-81AA-4119-AB5A-1636CA8C08FC}.Debug|WithNRefactory.ActiveCfg = Debug|Any CPU
		{D909EF15-81AA-4119-AB5A-1636CA8C08FC}.Debug|WithNRefactory.Build.0 = Debug|Any CPU
		{D909EF15-81AA-4119-AB5A-1636CA8C08FC}.Debug|x86.ActiveCfg = Debug|Any CPU
		{D909EF15-81AA-4119-AB5A-1636CA8C08FC}.NET35|Any CPU.ActiveCfg = NET35|Any CPU
		{D909EF15-81AA-4119-AB5A-1636CA8C08FC}.NET35|Any CPU.Build.0 = NET35|Any CPU
		{D909EF15-81AA-4119-AB5A-1636CA8C08FC}.NET35|Mixed Platforms.ActiveCfg = NET35|Any CPU
		{D909EF15-81AA-4119-AB5A-1636CA8C08FC}.NET35|Mixed Platforms.Build.0 = NET35|Any CPU
		{D909EF15-81AA-4119-AB5A-1636CA8C08FC}.NET35|Net35.ActiveCfg = NET35|Any CPU
		{D909EF15-81AA-4119-AB5A-1636CA8C08FC}.NET35|Net35.Build.0 = NET35|Any CPU
		{D909EF15-81AA-4119-AB5A-1636CA8C08FC}.NET35|Net40.ActiveCfg = NET35|Any CPU
		{D909EF15-81AA-4119-AB5A-1636CA8C08FC}.NET35|Net40.Build.0 = NET35|Any CPU
		{D909EF15-81AA-4119-AB5A-1636CA8C08FC}.NET35|WithNRefactory.ActiveCfg = NET35|Any CPU
		{D909EF15-81AA-4119-AB5A-1636CA8C08FC}.NET35|WithNRefactory.Build.0 = NET35|Any CPU
		{D909EF15-81AA-4119-AB5A-1636CA8C08FC}.NET35|x86.ActiveCfg = NET35|Any CPU
		{D909EF15-81AA-4119-AB5A-1636CA8C08FC}.NET35|x86.Build.0 = NET35|Any CPU
		{D909EF15-81AA-4119-AB5A-1636CA8C08FC}.NET40|Any CPU.ActiveCfg = NET40|Any CPU
		{D909EF15-81AA-4119-AB5A-1636CA8C08FC}.NET40|Any CPU.Build.0 = NET40|Any CPU
		{D909EF15-81AA-4119-AB5A-1636CA8C08FC}.NET40|Mixed Platforms.ActiveCfg = NET40|Any CPU
		{D909EF15-81AA-4119-AB5A-1636CA8C08FC}.NET40|Mixed Platforms.Build.0 = NET40|Any CPU
		{D909EF15-81AA-4119-AB5A-1636CA8C08FC}.NET40|Net35.ActiveCfg = NET40|Any CPU
		{D909EF15-81AA-4119-AB5A-1636CA8C08FC}.NET40|Net35.Build.0 = NET40|Any CPU
		{D909EF15-81AA-4119-AB5A-1636CA8C08FC}.NET40|Net40.ActiveCfg = NET40|Any CPU
		{D909EF15-81AA-4119-AB5A-1636CA8C08FC}.NET40|Net40.Build.0 = NET40|Any CPU
		{D909EF15-81AA-4119-AB5A-1636CA8C08FC}.NET40|WithNRefactory.ActiveCfg = NET40|Any CPU
		{D909EF15-81AA-4119-AB5A-1636CA8C08FC}.NET40|WithNRefactory.Build.0 = NET40|Any CPU
		{D909EF15-81AA-4119-AB5A-1636CA8C08FC}.NET40|x86.ActiveCfg = NET40|Any CPU
		{D909EF15-81AA-4119-AB5A-1636CA8C08FC}.NET40|x86.Build.0 = NET40|Any CPU
		{D909EF15-81AA-4119-AB5A-1636CA8C08FC}.NET45|Any CPU.ActiveCfg = NET45|Any CPU
		{D909EF15-81AA-4119-AB5A-1636CA8C08FC}.NET45|Any CPU.Build.0 = NET45|Any CPU
		{D909EF15-81AA-4119-AB5A-1636CA8C08FC}.NET45|Mixed Platforms.ActiveCfg = NET45|Any CPU
		{D909EF15-81AA-4119-AB5A-1636CA8C08FC}.NET45|Mixed Platforms.Build.0 = NET45|Any CPU
		{D909EF15-81AA-4119-AB5A-1636CA8C08FC}.NET45|Net35.ActiveCfg = NET45|Any CPU
		{D909EF15-81AA-4119-AB5A-1636CA8C08FC}.NET45|Net35.Build.0 = NET45|Any CPU
		{D909EF15-81AA-4119-AB5A-1636CA8C08FC}.NET45|Net40.ActiveCfg = NET45|Any CPU
		{D909EF15-81AA-4119-AB5A-1636CA8C08FC}.NET45|Net40.Build.0 = NET45|Any CPU
		{D909EF15-81AA-4119-AB5A-1636CA8C08FC}.NET45|WithNRefactory.ActiveCfg = NET45|Any CPU
		{D909EF15-81AA-4119-AB5A-1636CA8C08FC}.NET45|WithNRefactory.Build.0 = NET45|Any CPU
		{D909EF15-81AA-4119-AB5A-1636CA8C08FC}.NET45|x86.ActiveCfg = NET45|Any CPU
		{D909EF15-81AA-4119-AB5A-1636CA8C08FC}.NET45|x86.Build.0 = NET45|Any CPU
		{D909EF15-81AA-4119-AB5A-1636CA8C08FC}.NET46|Any CPU.ActiveCfg = NET45|Any CPU
		{D909EF15-81AA-4119-AB5A-1636CA8C08FC}.NET46|Any CPU.Build.0 = NET45|Any CPU
		{D909EF15-81AA-4119-AB5A-1636CA8C08FC}.NET46|Mixed Platforms.ActiveCfg = NET46|Any CPU
		{D909EF15-81AA-4119-AB5A-1636CA8C08FC}.NET46|Mixed Platforms.Build.0 = NET46|Any CPU
		{D909EF15-81AA-4119-AB5A-1636CA8C08FC}.NET46|Net35.ActiveCfg = NET45|Any CPU
		{D909EF15-81AA-4119-AB5A-1636CA8C08FC}.NET46|Net35.Build.0 = NET45|Any CPU
		{D909EF15-81AA-4119-AB5A-1636CA8C08FC}.NET46|Net40.ActiveCfg = NET45|Any CPU
		{D909EF15-81AA-4119-AB5A-1636CA8C08FC}.NET46|Net40.Build.0 = NET45|Any CPU
		{D909EF15-81AA-4119-AB5A-1636CA8C08FC}.NET46|WithNRefactory.ActiveCfg = NET45|Any CPU
		{D909EF15-81AA-4119-AB5A-1636CA8C08FC}.NET46|WithNRefactory.Build.0 = NET45|Any CPU
		{D909EF15-81AA-4119-AB5A-1636CA8C08FC}.NET46|x86.ActiveCfg = NET45|Any CPU
		{D909EF15-81AA-4119-AB5A-1636CA8C08FC}.NET46|x86.Build.0 = NET45|Any CPU
		{D909EF15-81AA-4119-AB5A-1636CA8C08FC}.Release|Any CPU.ActiveCfg = NET45|Any CPU
		{D909EF15-81AA-4119-AB5A-1636CA8C08FC}.Release|Any CPU.Build.0 = NET45|Any CPU
		{D909EF15-81AA-4119-AB5A-1636CA8C08FC}.Release|Mixed Platforms.ActiveCfg = NET45|Any CPU
		{D909EF15-81AA-4119-AB5A-1636CA8C08FC}.Release|Mixed Platforms.Build.0 = NET45|Any CPU
		{D909EF15-81AA-4119-AB5A-1636CA8C08FC}.Release|Net35.ActiveCfg = NET45|Any CPU
		{D909EF15-81AA-4119-AB5A-1636CA8C08FC}.Release|Net35.Build.0 = NET45|Any CPU
		{D909EF15-81AA-4119-AB5A-1636CA8C08FC}.Release|Net40.ActiveCfg = NET45|Any CPU
		{D909EF15-81AA-4119-AB5A-1636CA8C08FC}.Release|Net40.Build.0 = NET45|Any CPU
		{D909EF15-81AA-4119-AB5A-1636CA8C08FC}.Release|WithNRefactory.ActiveCfg = NET45|Any CPU
		{D909EF15-81AA-4119-AB5A-1636CA8C08FC}.Release|WithNRefactory.Build.0 = NET45|Any CPU
		{D909EF15-81AA-4119-AB5A-1636CA8C08FC}.Release|x86.ActiveCfg = NET45|Any CPU
		{D909EF15-81AA-4119-AB5A-1636CA8C08FC}.Release|x86.Build.0 = NET45|Any CPU
		{A0FEDAB9-13D3-4489-B17E-7156CA1BC5C2}.Debug|Any CPU.ActiveCfg = Debug|Any CPU
		{A0FEDAB9-13D3-4489-B17E-7156CA1BC5C2}.Debug|Any CPU.Build.0 = Debug|Any CPU
		{A0FEDAB9-13D3-4489-B17E-7156CA1BC5C2}.Debug|Mixed Platforms.ActiveCfg = Debug|Any CPU
		{A0FEDAB9-13D3-4489-B17E-7156CA1BC5C2}.Debug|Mixed Platforms.Build.0 = Debug|Any CPU
		{A0FEDAB9-13D3-4489-B17E-7156CA1BC5C2}.Debug|Net35.ActiveCfg = Debug|Any CPU
		{A0FEDAB9-13D3-4489-B17E-7156CA1BC5C2}.Debug|Net35.Build.0 = Debug|Any CPU
		{A0FEDAB9-13D3-4489-B17E-7156CA1BC5C2}.Debug|Net40.ActiveCfg = Debug|Any CPU
		{A0FEDAB9-13D3-4489-B17E-7156CA1BC5C2}.Debug|Net40.Build.0 = Debug|Any CPU
		{A0FEDAB9-13D3-4489-B17E-7156CA1BC5C2}.Debug|WithNRefactory.ActiveCfg = Debug|Any CPU
		{A0FEDAB9-13D3-4489-B17E-7156CA1BC5C2}.Debug|WithNRefactory.Build.0 = Debug|Any CPU
		{A0FEDAB9-13D3-4489-B17E-7156CA1BC5C2}.Debug|x86.ActiveCfg = Debug|Any CPU
		{A0FEDAB9-13D3-4489-B17E-7156CA1BC5C2}.NET35|Any CPU.ActiveCfg = NET35|Any CPU
		{A0FEDAB9-13D3-4489-B17E-7156CA1BC5C2}.NET35|Any CPU.Build.0 = NET35|Any CPU
		{A0FEDAB9-13D3-4489-B17E-7156CA1BC5C2}.NET35|Mixed Platforms.ActiveCfg = NET35|Any CPU
		{A0FEDAB9-13D3-4489-B17E-7156CA1BC5C2}.NET35|Mixed Platforms.Build.0 = NET35|Any CPU
		{A0FEDAB9-13D3-4489-B17E-7156CA1BC5C2}.NET35|Net35.ActiveCfg = NET35|Any CPU
		{A0FEDAB9-13D3-4489-B17E-7156CA1BC5C2}.NET35|Net35.Build.0 = NET35|Any CPU
		{A0FEDAB9-13D3-4489-B17E-7156CA1BC5C2}.NET35|Net40.ActiveCfg = NET35|Any CPU
		{A0FEDAB9-13D3-4489-B17E-7156CA1BC5C2}.NET35|Net40.Build.0 = NET35|Any CPU
		{A0FEDAB9-13D3-4489-B17E-7156CA1BC5C2}.NET35|WithNRefactory.ActiveCfg = NET35|Any CPU
		{A0FEDAB9-13D3-4489-B17E-7156CA1BC5C2}.NET35|WithNRefactory.Build.0 = NET35|Any CPU
		{A0FEDAB9-13D3-4489-B17E-7156CA1BC5C2}.NET35|x86.ActiveCfg = NET35|Any CPU
		{A0FEDAB9-13D3-4489-B17E-7156CA1BC5C2}.NET35|x86.Build.0 = NET35|Any CPU
		{A0FEDAB9-13D3-4489-B17E-7156CA1BC5C2}.NET40|Any CPU.ActiveCfg = NET45|Any CPU
		{A0FEDAB9-13D3-4489-B17E-7156CA1BC5C2}.NET40|Any CPU.Build.0 = NET45|Any CPU
		{A0FEDAB9-13D3-4489-B17E-7156CA1BC5C2}.NET40|Mixed Platforms.ActiveCfg = NET45|Any CPU
		{A0FEDAB9-13D3-4489-B17E-7156CA1BC5C2}.NET40|Mixed Platforms.Build.0 = NET45|Any CPU
		{A0FEDAB9-13D3-4489-B17E-7156CA1BC5C2}.NET40|Net35.ActiveCfg = NET45|Any CPU
		{A0FEDAB9-13D3-4489-B17E-7156CA1BC5C2}.NET40|Net35.Build.0 = NET45|Any CPU
		{A0FEDAB9-13D3-4489-B17E-7156CA1BC5C2}.NET40|Net40.ActiveCfg = NET45|Any CPU
		{A0FEDAB9-13D3-4489-B17E-7156CA1BC5C2}.NET40|Net40.Build.0 = NET45|Any CPU
		{A0FEDAB9-13D3-4489-B17E-7156CA1BC5C2}.NET40|WithNRefactory.ActiveCfg = NET45|Any CPU
		{A0FEDAB9-13D3-4489-B17E-7156CA1BC5C2}.NET40|WithNRefactory.Build.0 = NET45|Any CPU
		{A0FEDAB9-13D3-4489-B17E-7156CA1BC5C2}.NET40|x86.ActiveCfg = NET45|Any CPU
		{A0FEDAB9-13D3-4489-B17E-7156CA1BC5C2}.NET40|x86.Build.0 = NET45|Any CPU
		{A0FEDAB9-13D3-4489-B17E-7156CA1BC5C2}.NET45|Any CPU.ActiveCfg = NET45|Any CPU
		{A0FEDAB9-13D3-4489-B17E-7156CA1BC5C2}.NET45|Any CPU.Build.0 = NET45|Any CPU
		{A0FEDAB9-13D3-4489-B17E-7156CA1BC5C2}.NET45|Mixed Platforms.ActiveCfg = NET45|Any CPU
		{A0FEDAB9-13D3-4489-B17E-7156CA1BC5C2}.NET45|Mixed Platforms.Build.0 = NET45|Any CPU
		{A0FEDAB9-13D3-4489-B17E-7156CA1BC5C2}.NET45|Net35.ActiveCfg = NET45|Any CPU
		{A0FEDAB9-13D3-4489-B17E-7156CA1BC5C2}.NET45|Net35.Build.0 = NET45|Any CPU
		{A0FEDAB9-13D3-4489-B17E-7156CA1BC5C2}.NET45|Net40.ActiveCfg = NET45|Any CPU
		{A0FEDAB9-13D3-4489-B17E-7156CA1BC5C2}.NET45|Net40.Build.0 = NET45|Any CPU
		{A0FEDAB9-13D3-4489-B17E-7156CA1BC5C2}.NET45|WithNRefactory.ActiveCfg = NET45|Any CPU
		{A0FEDAB9-13D3-4489-B17E-7156CA1BC5C2}.NET45|WithNRefactory.Build.0 = NET45|Any CPU
		{A0FEDAB9-13D3-4489-B17E-7156CA1BC5C2}.NET45|x86.ActiveCfg = NET45|Any CPU
		{A0FEDAB9-13D3-4489-B17E-7156CA1BC5C2}.NET45|x86.Build.0 = NET45|Any CPU
		{A0FEDAB9-13D3-4489-B17E-7156CA1BC5C2}.NET46|Any CPU.ActiveCfg = NET45|Any CPU
		{A0FEDAB9-13D3-4489-B17E-7156CA1BC5C2}.NET46|Any CPU.Build.0 = NET45|Any CPU
		{A0FEDAB9-13D3-4489-B17E-7156CA1BC5C2}.NET46|Mixed Platforms.ActiveCfg = NET46|Any CPU
		{A0FEDAB9-13D3-4489-B17E-7156CA1BC5C2}.NET46|Mixed Platforms.Build.0 = NET46|Any CPU
		{A0FEDAB9-13D3-4489-B17E-7156CA1BC5C2}.NET46|Net35.ActiveCfg = NET45|Any CPU
		{A0FEDAB9-13D3-4489-B17E-7156CA1BC5C2}.NET46|Net35.Build.0 = NET45|Any CPU
		{A0FEDAB9-13D3-4489-B17E-7156CA1BC5C2}.NET46|Net40.ActiveCfg = NET45|Any CPU
		{A0FEDAB9-13D3-4489-B17E-7156CA1BC5C2}.NET46|Net40.Build.0 = NET45|Any CPU
		{A0FEDAB9-13D3-4489-B17E-7156CA1BC5C2}.NET46|WithNRefactory.ActiveCfg = NET45|Any CPU
		{A0FEDAB9-13D3-4489-B17E-7156CA1BC5C2}.NET46|WithNRefactory.Build.0 = NET45|Any CPU
		{A0FEDAB9-13D3-4489-B17E-7156CA1BC5C2}.NET46|x86.ActiveCfg = NET45|Any CPU
		{A0FEDAB9-13D3-4489-B17E-7156CA1BC5C2}.NET46|x86.Build.0 = NET45|Any CPU
		{A0FEDAB9-13D3-4489-B17E-7156CA1BC5C2}.Release|Any CPU.ActiveCfg = NET45|Any CPU
		{A0FEDAB9-13D3-4489-B17E-7156CA1BC5C2}.Release|Any CPU.Build.0 = NET45|Any CPU
		{A0FEDAB9-13D3-4489-B17E-7156CA1BC5C2}.Release|Mixed Platforms.ActiveCfg = NET45|Any CPU
		{A0FEDAB9-13D3-4489-B17E-7156CA1BC5C2}.Release|Mixed Platforms.Build.0 = NET45|Any CPU
		{A0FEDAB9-13D3-4489-B17E-7156CA1BC5C2}.Release|Net35.ActiveCfg = NET45|Any CPU
		{A0FEDAB9-13D3-4489-B17E-7156CA1BC5C2}.Release|Net35.Build.0 = NET45|Any CPU
		{A0FEDAB9-13D3-4489-B17E-7156CA1BC5C2}.Release|Net40.ActiveCfg = NET45|Any CPU
		{A0FEDAB9-13D3-4489-B17E-7156CA1BC5C2}.Release|Net40.Build.0 = NET45|Any CPU
		{A0FEDAB9-13D3-4489-B17E-7156CA1BC5C2}.Release|WithNRefactory.ActiveCfg = NET45|Any CPU
		{A0FEDAB9-13D3-4489-B17E-7156CA1BC5C2}.Release|WithNRefactory.Build.0 = NET45|Any CPU
		{A0FEDAB9-13D3-4489-B17E-7156CA1BC5C2}.Release|x86.ActiveCfg = NET45|Any CPU
		{A0FEDAB9-13D3-4489-B17E-7156CA1BC5C2}.Release|x86.Build.0 = NET45|Any CPU
		{AD8909AD-9CCE-4844-B784-2E953BEDEBE2}.Debug|Any CPU.ActiveCfg = Debug|Any CPU
		{AD8909AD-9CCE-4844-B784-2E953BEDEBE2}.Debug|Any CPU.Build.0 = Debug|Any CPU
		{AD8909AD-9CCE-4844-B784-2E953BEDEBE2}.Debug|Mixed Platforms.ActiveCfg = Debug|Any CPU
		{AD8909AD-9CCE-4844-B784-2E953BEDEBE2}.Debug|Mixed Platforms.Build.0 = Debug|Any CPU
		{AD8909AD-9CCE-4844-B784-2E953BEDEBE2}.Debug|Net35.ActiveCfg = Debug|Any CPU
		{AD8909AD-9CCE-4844-B784-2E953BEDEBE2}.Debug|Net35.Build.0 = Debug|Any CPU
		{AD8909AD-9CCE-4844-B784-2E953BEDEBE2}.Debug|Net40.ActiveCfg = Debug|Any CPU
		{AD8909AD-9CCE-4844-B784-2E953BEDEBE2}.Debug|Net40.Build.0 = Debug|Any CPU
		{AD8909AD-9CCE-4844-B784-2E953BEDEBE2}.Debug|WithNRefactory.ActiveCfg = Debug|Any CPU
		{AD8909AD-9CCE-4844-B784-2E953BEDEBE2}.Debug|WithNRefactory.Build.0 = Debug|Any CPU
		{AD8909AD-9CCE-4844-B784-2E953BEDEBE2}.Debug|x86.ActiveCfg = Debug|Any CPU
		{AD8909AD-9CCE-4844-B784-2E953BEDEBE2}.Debug|x86.Build.0 = Debug|Any CPU
		{AD8909AD-9CCE-4844-B784-2E953BEDEBE2}.NET35|Any CPU.ActiveCfg = NET35|Any CPU
		{AD8909AD-9CCE-4844-B784-2E953BEDEBE2}.NET35|Any CPU.Build.0 = NET35|Any CPU
		{AD8909AD-9CCE-4844-B784-2E953BEDEBE2}.NET35|Mixed Platforms.ActiveCfg = NET35|Any CPU
		{AD8909AD-9CCE-4844-B784-2E953BEDEBE2}.NET35|Mixed Platforms.Build.0 = NET35|Any CPU
		{AD8909AD-9CCE-4844-B784-2E953BEDEBE2}.NET35|Net35.ActiveCfg = NET35|Any CPU
		{AD8909AD-9CCE-4844-B784-2E953BEDEBE2}.NET35|Net35.Build.0 = NET35|Any CPU
		{AD8909AD-9CCE-4844-B784-2E953BEDEBE2}.NET35|Net40.ActiveCfg = NET35|Any CPU
		{AD8909AD-9CCE-4844-B784-2E953BEDEBE2}.NET35|Net40.Build.0 = NET35|Any CPU
		{AD8909AD-9CCE-4844-B784-2E953BEDEBE2}.NET35|WithNRefactory.ActiveCfg = NET35|Any CPU
		{AD8909AD-9CCE-4844-B784-2E953BEDEBE2}.NET35|WithNRefactory.Build.0 = NET35|Any CPU
		{AD8909AD-9CCE-4844-B784-2E953BEDEBE2}.NET35|x86.ActiveCfg = NET35|Any CPU
		{AD8909AD-9CCE-4844-B784-2E953BEDEBE2}.NET35|x86.Build.0 = NET35|Any CPU
		{AD8909AD-9CCE-4844-B784-2E953BEDEBE2}.NET40|Any CPU.ActiveCfg = NET35|Any CPU
		{AD8909AD-9CCE-4844-B784-2E953BEDEBE2}.NET40|Any CPU.Build.0 = NET35|Any CPU
		{AD8909AD-9CCE-4844-B784-2E953BEDEBE2}.NET40|Mixed Platforms.ActiveCfg = NET40|Any CPU
		{AD8909AD-9CCE-4844-B784-2E953BEDEBE2}.NET40|Mixed Platforms.Build.0 = NET40|Any CPU
		{AD8909AD-9CCE-4844-B784-2E953BEDEBE2}.NET40|Net35.ActiveCfg = NET35|Any CPU
		{AD8909AD-9CCE-4844-B784-2E953BEDEBE2}.NET40|Net35.Build.0 = NET35|Any CPU
		{AD8909AD-9CCE-4844-B784-2E953BEDEBE2}.NET40|Net40.ActiveCfg = NET35|Any CPU
		{AD8909AD-9CCE-4844-B784-2E953BEDEBE2}.NET40|Net40.Build.0 = NET35|Any CPU
		{AD8909AD-9CCE-4844-B784-2E953BEDEBE2}.NET40|WithNRefactory.ActiveCfg = NET35|Any CPU
		{AD8909AD-9CCE-4844-B784-2E953BEDEBE2}.NET40|WithNRefactory.Build.0 = NET35|Any CPU
		{AD8909AD-9CCE-4844-B784-2E953BEDEBE2}.NET40|x86.ActiveCfg = NET35|Any CPU
		{AD8909AD-9CCE-4844-B784-2E953BEDEBE2}.NET40|x86.Build.0 = NET35|Any CPU
		{AD8909AD-9CCE-4844-B784-2E953BEDEBE2}.NET45|Any CPU.ActiveCfg = NET35|Any CPU
		{AD8909AD-9CCE-4844-B784-2E953BEDEBE2}.NET45|Any CPU.Build.0 = NET35|Any CPU
		{AD8909AD-9CCE-4844-B784-2E953BEDEBE2}.NET45|Mixed Platforms.ActiveCfg = NET40|Any CPU
		{AD8909AD-9CCE-4844-B784-2E953BEDEBE2}.NET45|Mixed Platforms.Build.0 = NET40|Any CPU
		{AD8909AD-9CCE-4844-B784-2E953BEDEBE2}.NET45|Net35.ActiveCfg = NET35|Any CPU
		{AD8909AD-9CCE-4844-B784-2E953BEDEBE2}.NET45|Net35.Build.0 = NET35|Any CPU
		{AD8909AD-9CCE-4844-B784-2E953BEDEBE2}.NET45|Net40.ActiveCfg = NET35|Any CPU
		{AD8909AD-9CCE-4844-B784-2E953BEDEBE2}.NET45|Net40.Build.0 = NET35|Any CPU
		{AD8909AD-9CCE-4844-B784-2E953BEDEBE2}.NET45|WithNRefactory.ActiveCfg = NET35|Any CPU
		{AD8909AD-9CCE-4844-B784-2E953BEDEBE2}.NET45|WithNRefactory.Build.0 = NET35|Any CPU
		{AD8909AD-9CCE-4844-B784-2E953BEDEBE2}.NET45|x86.ActiveCfg = NET35|Any CPU
		{AD8909AD-9CCE-4844-B784-2E953BEDEBE2}.NET45|x86.Build.0 = NET35|Any CPU
		{AD8909AD-9CCE-4844-B784-2E953BEDEBE2}.NET46|Any CPU.ActiveCfg = NET35|Any CPU
		{AD8909AD-9CCE-4844-B784-2E953BEDEBE2}.NET46|Any CPU.Build.0 = NET35|Any CPU
		{AD8909AD-9CCE-4844-B784-2E953BEDEBE2}.NET46|Mixed Platforms.ActiveCfg = NET40|Any CPU
		{AD8909AD-9CCE-4844-B784-2E953BEDEBE2}.NET46|Mixed Platforms.Build.0 = NET40|Any CPU
		{AD8909AD-9CCE-4844-B784-2E953BEDEBE2}.NET46|Net35.ActiveCfg = NET35|Any CPU
		{AD8909AD-9CCE-4844-B784-2E953BEDEBE2}.NET46|Net35.Build.0 = NET35|Any CPU
		{AD8909AD-9CCE-4844-B784-2E953BEDEBE2}.NET46|Net40.ActiveCfg = NET35|Any CPU
		{AD8909AD-9CCE-4844-B784-2E953BEDEBE2}.NET46|Net40.Build.0 = NET35|Any CPU
		{AD8909AD-9CCE-4844-B784-2E953BEDEBE2}.NET46|WithNRefactory.ActiveCfg = NET35|Any CPU
		{AD8909AD-9CCE-4844-B784-2E953BEDEBE2}.NET46|WithNRefactory.Build.0 = NET35|Any CPU
		{AD8909AD-9CCE-4844-B784-2E953BEDEBE2}.NET46|x86.ActiveCfg = NET35|Any CPU
		{AD8909AD-9CCE-4844-B784-2E953BEDEBE2}.NET46|x86.Build.0 = NET35|Any CPU
		{AD8909AD-9CCE-4844-B784-2E953BEDEBE2}.Release|Any CPU.ActiveCfg = NET35|Any CPU
		{AD8909AD-9CCE-4844-B784-2E953BEDEBE2}.Release|Any CPU.Build.0 = NET35|Any CPU
		{AD8909AD-9CCE-4844-B784-2E953BEDEBE2}.Release|Mixed Platforms.ActiveCfg = NET35|Any CPU
		{AD8909AD-9CCE-4844-B784-2E953BEDEBE2}.Release|Mixed Platforms.Build.0 = NET35|Any CPU
		{AD8909AD-9CCE-4844-B784-2E953BEDEBE2}.Release|Net35.ActiveCfg = NET35|Any CPU
		{AD8909AD-9CCE-4844-B784-2E953BEDEBE2}.Release|Net35.Build.0 = NET35|Any CPU
		{AD8909AD-9CCE-4844-B784-2E953BEDEBE2}.Release|Net40.ActiveCfg = NET35|Any CPU
		{AD8909AD-9CCE-4844-B784-2E953BEDEBE2}.Release|Net40.Build.0 = NET35|Any CPU
		{AD8909AD-9CCE-4844-B784-2E953BEDEBE2}.Release|WithNRefactory.ActiveCfg = NET35|Any CPU
		{AD8909AD-9CCE-4844-B784-2E953BEDEBE2}.Release|WithNRefactory.Build.0 = NET35|Any CPU
		{AD8909AD-9CCE-4844-B784-2E953BEDEBE2}.Release|x86.ActiveCfg = NET35|Any CPU
		{AD8909AD-9CCE-4844-B784-2E953BEDEBE2}.Release|x86.Build.0 = NET35|Any CPU
		{ED45C66C-9224-4962-8D68-A0607D5B5B67}.Debug|Any CPU.ActiveCfg = Debug|Any CPU
		{ED45C66C-9224-4962-8D68-A0607D5B5B67}.Debug|Any CPU.Build.0 = Debug|Any CPU
		{ED45C66C-9224-4962-8D68-A0607D5B5B67}.Debug|Mixed Platforms.ActiveCfg = Debug|Any CPU
		{ED45C66C-9224-4962-8D68-A0607D5B5B67}.Debug|Mixed Platforms.Build.0 = Debug|Any CPU
		{ED45C66C-9224-4962-8D68-A0607D5B5B67}.Debug|Net35.ActiveCfg = Debug|Any CPU
		{ED45C66C-9224-4962-8D68-A0607D5B5B67}.Debug|Net35.Build.0 = Debug|Any CPU
		{ED45C66C-9224-4962-8D68-A0607D5B5B67}.Debug|Net40.ActiveCfg = Debug|Any CPU
		{ED45C66C-9224-4962-8D68-A0607D5B5B67}.Debug|Net40.Build.0 = Debug|Any CPU
		{ED45C66C-9224-4962-8D68-A0607D5B5B67}.Debug|WithNRefactory.ActiveCfg = Debug|Any CPU
		{ED45C66C-9224-4962-8D68-A0607D5B5B67}.Debug|WithNRefactory.Build.0 = Debug|Any CPU
		{ED45C66C-9224-4962-8D68-A0607D5B5B67}.Debug|x86.ActiveCfg = Debug|Any CPU
		{ED45C66C-9224-4962-8D68-A0607D5B5B67}.Debug|x86.Build.0 = Debug|Any CPU
		{ED45C66C-9224-4962-8D68-A0607D5B5B67}.NET35|Any CPU.ActiveCfg = Release|Any CPU
		{ED45C66C-9224-4962-8D68-A0607D5B5B67}.NET35|Any CPU.Build.0 = Release|Any CPU
		{ED45C66C-9224-4962-8D68-A0607D5B5B67}.NET35|Mixed Platforms.ActiveCfg = Release|Any CPU
		{ED45C66C-9224-4962-8D68-A0607D5B5B67}.NET35|Mixed Platforms.Build.0 = Release|Any CPU
		{ED45C66C-9224-4962-8D68-A0607D5B5B67}.NET35|Net35.ActiveCfg = Release|Any CPU
		{ED45C66C-9224-4962-8D68-A0607D5B5B67}.NET35|Net35.Build.0 = Release|Any CPU
		{ED45C66C-9224-4962-8D68-A0607D5B5B67}.NET35|Net40.ActiveCfg = Release|Any CPU
		{ED45C66C-9224-4962-8D68-A0607D5B5B67}.NET35|Net40.Build.0 = Release|Any CPU
		{ED45C66C-9224-4962-8D68-A0607D5B5B67}.NET35|WithNRefactory.ActiveCfg = Release|Any CPU
		{ED45C66C-9224-4962-8D68-A0607D5B5B67}.NET35|WithNRefactory.Build.0 = Release|Any CPU
		{ED45C66C-9224-4962-8D68-A0607D5B5B67}.NET35|x86.ActiveCfg = Release|Any CPU
		{ED45C66C-9224-4962-8D68-A0607D5B5B67}.NET35|x86.Build.0 = Release|Any CPU
		{ED45C66C-9224-4962-8D68-A0607D5B5B67}.NET40|Any CPU.ActiveCfg = Release|Any CPU
		{ED45C66C-9224-4962-8D68-A0607D5B5B67}.NET40|Any CPU.Build.0 = Release|Any CPU
		{ED45C66C-9224-4962-8D68-A0607D5B5B67}.NET40|Mixed Platforms.ActiveCfg = Release|Any CPU
		{ED45C66C-9224-4962-8D68-A0607D5B5B67}.NET40|Mixed Platforms.Build.0 = Release|Any CPU
		{ED45C66C-9224-4962-8D68-A0607D5B5B67}.NET40|Net35.ActiveCfg = Release|Any CPU
		{ED45C66C-9224-4962-8D68-A0607D5B5B67}.NET40|Net35.Build.0 = Release|Any CPU
		{ED45C66C-9224-4962-8D68-A0607D5B5B67}.NET40|Net40.ActiveCfg = Release|Any CPU
		{ED45C66C-9224-4962-8D68-A0607D5B5B67}.NET40|Net40.Build.0 = Release|Any CPU
		{ED45C66C-9224-4962-8D68-A0607D5B5B67}.NET40|WithNRefactory.ActiveCfg = Release|Any CPU
		{ED45C66C-9224-4962-8D68-A0607D5B5B67}.NET40|WithNRefactory.Build.0 = Release|Any CPU
		{ED45C66C-9224-4962-8D68-A0607D5B5B67}.NET40|x86.ActiveCfg = Release|Any CPU
		{ED45C66C-9224-4962-8D68-A0607D5B5B67}.NET40|x86.Build.0 = Release|Any CPU
		{ED45C66C-9224-4962-8D68-A0607D5B5B67}.NET45|Any CPU.ActiveCfg = Release|Any CPU
		{ED45C66C-9224-4962-8D68-A0607D5B5B67}.NET45|Any CPU.Build.0 = Release|Any CPU
		{ED45C66C-9224-4962-8D68-A0607D5B5B67}.NET45|Mixed Platforms.ActiveCfg = Release|Any CPU
		{ED45C66C-9224-4962-8D68-A0607D5B5B67}.NET45|Mixed Platforms.Build.0 = Release|Any CPU
		{ED45C66C-9224-4962-8D68-A0607D5B5B67}.NET45|Net35.ActiveCfg = Release|Any CPU
		{ED45C66C-9224-4962-8D68-A0607D5B5B67}.NET45|Net35.Build.0 = Release|Any CPU
		{ED45C66C-9224-4962-8D68-A0607D5B5B67}.NET45|Net40.ActiveCfg = Release|Any CPU
		{ED45C66C-9224-4962-8D68-A0607D5B5B67}.NET45|Net40.Build.0 = Release|Any CPU
		{ED45C66C-9224-4962-8D68-A0607D5B5B67}.NET45|WithNRefactory.ActiveCfg = Release|Any CPU
		{ED45C66C-9224-4962-8D68-A0607D5B5B67}.NET45|WithNRefactory.Build.0 = Release|Any CPU
		{ED45C66C-9224-4962-8D68-A0607D5B5B67}.NET45|x86.ActiveCfg = Release|Any CPU
		{ED45C66C-9224-4962-8D68-A0607D5B5B67}.NET45|x86.Build.0 = Release|Any CPU
		{ED45C66C-9224-4962-8D68-A0607D5B5B67}.NET46|Any CPU.ActiveCfg = Release|Any CPU
		{ED45C66C-9224-4962-8D68-A0607D5B5B67}.NET46|Any CPU.Build.0 = Release|Any CPU
		{ED45C66C-9224-4962-8D68-A0607D5B5B67}.NET46|Mixed Platforms.ActiveCfg = Release|Any CPU
		{ED45C66C-9224-4962-8D68-A0607D5B5B67}.NET46|Mixed Platforms.Build.0 = Release|Any CPU
		{ED45C66C-9224-4962-8D68-A0607D5B5B67}.NET46|Net35.ActiveCfg = Release|Any CPU
		{ED45C66C-9224-4962-8D68-A0607D5B5B67}.NET46|Net35.Build.0 = Release|Any CPU
		{ED45C66C-9224-4962-8D68-A0607D5B5B67}.NET46|Net40.ActiveCfg = Release|Any CPU
		{ED45C66C-9224-4962-8D68-A0607D5B5B67}.NET46|Net40.Build.0 = Release|Any CPU
		{ED45C66C-9224-4962-8D68-A0607D5B5B67}.NET46|WithNRefactory.ActiveCfg = Release|Any CPU
		{ED45C66C-9224-4962-8D68-A0607D5B5B67}.NET46|WithNRefactory.Build.0 = Release|Any CPU
		{ED45C66C-9224-4962-8D68-A0607D5B5B67}.NET46|x86.ActiveCfg = Release|Any CPU
		{ED45C66C-9224-4962-8D68-A0607D5B5B67}.NET46|x86.Build.0 = Release|Any CPU
		{ED45C66C-9224-4962-8D68-A0607D5B5B67}.Release|Any CPU.ActiveCfg = Release|Any CPU
		{ED45C66C-9224-4962-8D68-A0607D5B5B67}.Release|Any CPU.Build.0 = Release|Any CPU
		{ED45C66C-9224-4962-8D68-A0607D5B5B67}.Release|Mixed Platforms.ActiveCfg = Release|Any CPU
		{ED45C66C-9224-4962-8D68-A0607D5B5B67}.Release|Mixed Platforms.Build.0 = Release|Any CPU
		{ED45C66C-9224-4962-8D68-A0607D5B5B67}.Release|Net35.ActiveCfg = Release|Any CPU
		{ED45C66C-9224-4962-8D68-A0607D5B5B67}.Release|Net35.Build.0 = Release|Any CPU
		{ED45C66C-9224-4962-8D68-A0607D5B5B67}.Release|Net40.ActiveCfg = Release|Any CPU
		{ED45C66C-9224-4962-8D68-A0607D5B5B67}.Release|Net40.Build.0 = Release|Any CPU
		{ED45C66C-9224-4962-8D68-A0607D5B5B67}.Release|WithNRefactory.ActiveCfg = Release|Any CPU
		{ED45C66C-9224-4962-8D68-A0607D5B5B67}.Release|WithNRefactory.Build.0 = Release|Any CPU
		{ED45C66C-9224-4962-8D68-A0607D5B5B67}.Release|x86.ActiveCfg = Release|Any CPU
		{ED45C66C-9224-4962-8D68-A0607D5B5B67}.Release|x86.Build.0 = Release|Any CPU
	EndGlobalSection
	GlobalSection(SolutionProperties) = preSolution
		HideSolutionNode = FALSE
	EndGlobalSection
EndGlobal
