
Microsoft Visual Studio Solution File, Format Version 12.00
# Visual Studio 15
VisualStudioVersion = 15.0.27130.2036
MinimumVisualStudioVersion = 10.0.40219.1
Project("{FAE04EC0-301F-11D3-BF4B-00C04F79EFBC}") = "InnovatorAdmin.Api", "InnovatorAdmin.Api\InnovatorAdmin.Api.csproj", "{7C397623-C59E-4DB2-8879-8A3385DABCD9}"
EndProject
Project("{FAE04EC0-301F-11D3-BF4B-00C04F79EFBC}") = "InnovatorAdmin", "InnovatorAdmin\InnovatorAdmin.csproj", "{56CC682F-1810-4A66-B06C-129A86621294}"
EndProject
Project("{FAE04EC0-301F-11D3-BF4B-00C04F79EFBC}") = "InnovatorAdmin.ApiTests", "InnovatorAdmin.ApiTests\InnovatorAdmin.ApiTests.csproj", "{ABE4BC56-D84A-480C-A6A7-FC7EB2E21CDB}"
EndProject
Project("{2150E333-8FDC-42A3-9474-1A3956D46DE8}") = ".nuget", ".nuget", "{F03DD0BF-C5A7-4D8E-BB6C-F98029F5D903}"
	ProjectSection(SolutionItems) = preProject
		.nuget\NuGet.Config = .nuget\NuGet.Config
		.nuget\NuGet.exe = .nuget\NuGet.exe
		.nuget\NuGet.targets = .nuget\NuGet.targets
	EndProjectSection
EndProject
Project("{2150E333-8FDC-42A3-9474-1A3956D46DE8}") = "Solution Items", "Solution Items", "{F6CDF249-A6CB-43FB-A12E-488E47229B94}"
	ProjectSection(SolutionItems) = preProject
		doc\aml-studio.md = doc\aml-studio.md
		doc\innovator-client.md = doc\innovator-client.md
		doc\innovator-installer.md = doc\innovator-installer.md
		license.md = license.md
		readme.md = readme.md
	EndProjectSection
EndProject
Project("{FAE04EC0-301F-11D3-BF4B-00C04F79EFBC}") = "ICSharpCode.AvalonEdit", "ICSharpCode.AvalonEdit\ICSharpCode.AvalonEdit.csproj", "{6C55B776-26D4-4DB3-A6AB-87E783B2F3D1}"
EndProject
Project("{FAE04EC0-301F-11D3-BF4B-00C04F79EFBC}") = "InnovatorAdmin.Powershell", "InnovatorAdmin.Powershell\InnovatorAdmin.Powershell.csproj", "{40037744-18A2-4C8F-BFE2-0F164059D52C}"
EndProject
Global
	GlobalSection(SolutionConfigurationPlatforms) = preSolution
		Debug|Any CPU = Debug|Any CPU
		Debug|Mixed Platforms = Debug|Mixed Platforms
		Debug|Net35 = Debug|Net35
		Debug|Net40 = Debug|Net40
		Debug|WithNRefactory = Debug|WithNRefactory
		Debug|x86 = Debug|x86
		Release|Any CPU = Release|Any CPU
		Release|Mixed Platforms = Release|Mixed Platforms
		Release|Net35 = Release|Net35
		Release|Net40 = Release|Net40
		Release|WithNRefactory = Release|WithNRefactory
		Release|x86 = Release|x86
	EndGlobalSection
	GlobalSection(ProjectConfigurationPlatforms) = postSolution
		{7C397623-C59E-4DB2-8879-8A3385DABCD9}.Debug|Any CPU.ActiveCfg = Debug|Any CPU
		{7C397623-C59E-4DB2-8879-8A3385DABCD9}.Debug|Any CPU.Build.0 = Debug|Any CPU
		{7C397623-C59E-4DB2-8879-8A3385DABCD9}.Debug|Mixed Platforms.ActiveCfg = Debug|Any CPU
		{7C397623-C59E-4DB2-8879-8A3385DABCD9}.Debug|Mixed Platforms.Build.0 = Debug|Any CPU
		{7C397623-C59E-4DB2-8879-8A3385DABCD9}.Debug|Net35.ActiveCfg = Debug|Any CPU
		{7C397623-C59E-4DB2-8879-8A3385DABCD9}.Debug|Net35.Build.0 = Debug|Any CPU
		{7C397623-C59E-4DB2-8879-8A3385DABCD9}.Debug|Net40.ActiveCfg = Debug|Any CPU
		{7C397623-C59E-4DB2-8879-8A3385DABCD9}.Debug|Net40.Build.0 = Debug|Any CPU
		{7C397623-C59E-4DB2-8879-8A3385DABCD9}.Debug|WithNRefactory.ActiveCfg = Debug|Any CPU
		{7C397623-C59E-4DB2-8879-8A3385DABCD9}.Debug|WithNRefactory.Build.0 = Debug|Any CPU
		{7C397623-C59E-4DB2-8879-8A3385DABCD9}.Debug|x86.ActiveCfg = Debug|Any CPU
		{7C397623-C59E-4DB2-8879-8A3385DABCD9}.Release|Any CPU.ActiveCfg = Release|Any CPU
		{7C397623-C59E-4DB2-8879-8A3385DABCD9}.Release|Any CPU.Build.0 = Release|Any CPU
		{7C397623-C59E-4DB2-8879-8A3385DABCD9}.Release|Mixed Platforms.ActiveCfg = Release|Any CPU
		{7C397623-C59E-4DB2-8879-8A3385DABCD9}.Release|Mixed Platforms.Build.0 = Release|Any CPU
		{7C397623-C59E-4DB2-8879-8A3385DABCD9}.Release|Net35.ActiveCfg = Release|Any CPU
		{7C397623-C59E-4DB2-8879-8A3385DABCD9}.Release|Net35.Build.0 = Release|Any CPU
		{7C397623-C59E-4DB2-8879-8A3385DABCD9}.Release|Net40.ActiveCfg = Release|Any CPU
		{7C397623-C59E-4DB2-8879-8A3385DABCD9}.Release|Net40.Build.0 = Release|Any CPU
		{7C397623-C59E-4DB2-8879-8A3385DABCD9}.Release|WithNRefactory.ActiveCfg = Release|Any CPU
		{7C397623-C59E-4DB2-8879-8A3385DABCD9}.Release|WithNRefactory.Build.0 = Release|Any CPU
		{7C397623-C59E-4DB2-8879-8A3385DABCD9}.Release|x86.ActiveCfg = Release|Any CPU
		{7C397623-C59E-4DB2-8879-8A3385DABCD9}.Release|x86.Build.0 = Release|Any CPU
		{56CC682F-1810-4A66-B06C-129A86621294}.Debug|Any CPU.ActiveCfg = Debug|x86
		{56CC682F-1810-4A66-B06C-129A86621294}.Debug|Mixed Platforms.ActiveCfg = Debug|x86
		{56CC682F-1810-4A66-B06C-129A86621294}.Debug|Mixed Platforms.Build.0 = Debug|x86
		{56CC682F-1810-4A66-B06C-129A86621294}.Debug|Net35.ActiveCfg = Debug|x86
		{56CC682F-1810-4A66-B06C-129A86621294}.Debug|Net40.ActiveCfg = Debug|x86
		{56CC682F-1810-4A66-B06C-129A86621294}.Debug|WithNRefactory.ActiveCfg = Debug|x86
		{56CC682F-1810-4A66-B06C-129A86621294}.Debug|x86.ActiveCfg = Debug|x86
		{56CC682F-1810-4A66-B06C-129A86621294}.Debug|x86.Build.0 = Debug|x86
		{56CC682F-1810-4A66-B06C-129A86621294}.Release|Any CPU.ActiveCfg = Release|x86
		{56CC682F-1810-4A66-B06C-129A86621294}.Release|Mixed Platforms.ActiveCfg = Release|x86
		{56CC682F-1810-4A66-B06C-129A86621294}.Release|Mixed Platforms.Build.0 = Release|x86
		{56CC682F-1810-4A66-B06C-129A86621294}.Release|Net35.ActiveCfg = Release|x86
		{56CC682F-1810-4A66-B06C-129A86621294}.Release|Net40.ActiveCfg = Release|x86
		{56CC682F-1810-4A66-B06C-129A86621294}.Release|WithNRefactory.ActiveCfg = Release|x86
		{56CC682F-1810-4A66-B06C-129A86621294}.Release|x86.ActiveCfg = Release|x86
		{56CC682F-1810-4A66-B06C-129A86621294}.Release|x86.Build.0 = Release|x86
		{ABE4BC56-D84A-480C-A6A7-FC7EB2E21CDB}.Debug|Any CPU.ActiveCfg = Debug|Any CPU
		{ABE4BC56-D84A-480C-A6A7-FC7EB2E21CDB}.Debug|Any CPU.Build.0 = Debug|Any CPU
		{ABE4BC56-D84A-480C-A6A7-FC7EB2E21CDB}.Debug|Mixed Platforms.ActiveCfg = Debug|Any CPU
		{ABE4BC56-D84A-480C-A6A7-FC7EB2E21CDB}.Debug|Mixed Platforms.Build.0 = Debug|Any CPU
		{ABE4BC56-D84A-480C-A6A7-FC7EB2E21CDB}.Debug|Net35.ActiveCfg = Debug|Any CPU
		{ABE4BC56-D84A-480C-A6A7-FC7EB2E21CDB}.Debug|Net35.Build.0 = Debug|Any CPU
		{ABE4BC56-D84A-480C-A6A7-FC7EB2E21CDB}.Debug|Net40.ActiveCfg = Debug|Any CPU
		{ABE4BC56-D84A-480C-A6A7-FC7EB2E21CDB}.Debug|Net40.Build.0 = Debug|Any CPU
		{ABE4BC56-D84A-480C-A6A7-FC7EB2E21CDB}.Debug|WithNRefactory.ActiveCfg = Debug|Any CPU
		{ABE4BC56-D84A-480C-A6A7-FC7EB2E21CDB}.Debug|WithNRefactory.Build.0 = Debug|Any CPU
		{ABE4BC56-D84A-480C-A6A7-FC7EB2E21CDB}.Debug|x86.ActiveCfg = Debug|Any CPU
		{ABE4BC56-D84A-480C-A6A7-FC7EB2E21CDB}.Release|Any CPU.ActiveCfg = Release|Any CPU
		{ABE4BC56-D84A-480C-A6A7-FC7EB2E21CDB}.Release|Any CPU.Build.0 = Release|Any CPU
		{ABE4BC56-D84A-480C-A6A7-FC7EB2E21CDB}.Release|Mixed Platforms.ActiveCfg = Release|Any CPU
		{ABE4BC56-D84A-480C-A6A7-FC7EB2E21CDB}.Release|Mixed Platforms.Build.0 = Release|Any CPU
		{ABE4BC56-D84A-480C-A6A7-FC7EB2E21CDB}.Release|Net35.ActiveCfg = Release|Any CPU
		{ABE4BC56-D84A-480C-A6A7-FC7EB2E21CDB}.Release|Net35.Build.0 = Release|Any CPU
		{ABE4BC56-D84A-480C-A6A7-FC7EB2E21CDB}.Release|Net40.ActiveCfg = Release|Any CPU
		{ABE4BC56-D84A-480C-A6A7-FC7EB2E21CDB}.Release|Net40.Build.0 = Release|Any CPU
		{ABE4BC56-D84A-480C-A6A7-FC7EB2E21CDB}.Release|WithNRefactory.ActiveCfg = Release|Any CPU
		{ABE4BC56-D84A-480C-A6A7-FC7EB2E21CDB}.Release|WithNRefactory.Build.0 = Release|Any CPU
		{ABE4BC56-D84A-480C-A6A7-FC7EB2E21CDB}.Release|x86.ActiveCfg = Release|Any CPU
		{ABE4BC56-D84A-480C-A6A7-FC7EB2E21CDB}.Release|x86.Build.0 = Release|Any CPU
		{6C55B776-26D4-4DB3-A6AB-87E783B2F3D1}.Debug|Any CPU.ActiveCfg = Debug|WithNRefactory
		{6C55B776-26D4-4DB3-A6AB-87E783B2F3D1}.Debug|Mixed Platforms.ActiveCfg = Debug|Net40
		{6C55B776-26D4-4DB3-A6AB-87E783B2F3D1}.Debug|Mixed Platforms.Build.0 = Debug|Net40
		{6C55B776-26D4-4DB3-A6AB-87E783B2F3D1}.Debug|Net35.ActiveCfg = Debug|Net35
		{6C55B776-26D4-4DB3-A6AB-87E783B2F3D1}.Debug|Net35.Build.0 = Debug|Net35
		{6C55B776-26D4-4DB3-A6AB-87E783B2F3D1}.Debug|Net40.ActiveCfg = Debug|Net40
		{6C55B776-26D4-4DB3-A6AB-87E783B2F3D1}.Debug|Net40.Build.0 = Debug|Net40
		{6C55B776-26D4-4DB3-A6AB-87E783B2F3D1}.Debug|WithNRefactory.ActiveCfg = Debug|WithNRefactory
		{6C55B776-26D4-4DB3-A6AB-87E783B2F3D1}.Debug|WithNRefactory.Build.0 = Debug|WithNRefactory
		{6C55B776-26D4-4DB3-A6AB-87E783B2F3D1}.Debug|x86.ActiveCfg = Debug|WithNRefactory
		{6C55B776-26D4-4DB3-A6AB-87E783B2F3D1}.Release|Any CPU.ActiveCfg = Release|Net40
		{6C55B776-26D4-4DB3-A6AB-87E783B2F3D1}.Release|Mixed Platforms.ActiveCfg = Release|Net40
		{6C55B776-26D4-4DB3-A6AB-87E783B2F3D1}.Release|Mixed Platforms.Build.0 = Release|Net40
		{6C55B776-26D4-4DB3-A6AB-87E783B2F3D1}.Release|Net35.ActiveCfg = Release|Net35
		{6C55B776-26D4-4DB3-A6AB-87E783B2F3D1}.Release|Net35.Build.0 = Release|Net35
		{6C55B776-26D4-4DB3-A6AB-87E783B2F3D1}.Release|Net40.ActiveCfg = Release|Net40
		{6C55B776-26D4-4DB3-A6AB-87E783B2F3D1}.Release|Net40.Build.0 = Release|Net40
		{6C55B776-26D4-4DB3-A6AB-87E783B2F3D1}.Release|WithNRefactory.ActiveCfg = Release|WithNRefactory
		{6C55B776-26D4-4DB3-A6AB-87E783B2F3D1}.Release|WithNRefactory.Build.0 = Release|WithNRefactory
		{6C55B776-26D4-4DB3-A6AB-87E783B2F3D1}.Release|x86.ActiveCfg = Release|Net40
		{40037744-18A2-4C8F-BFE2-0F164059D52C}.Debug|Any CPU.ActiveCfg = Debug|Any CPU
		{40037744-18A2-4C8F-BFE2-0F164059D52C}.Debug|Any CPU.Build.0 = Debug|Any CPU
		{40037744-18A2-4C8F-BFE2-0F164059D52C}.Debug|Mixed Platforms.ActiveCfg = Debug|Any CPU
		{40037744-18A2-4C8F-BFE2-0F164059D52C}.Debug|Mixed Platforms.Build.0 = Debug|Any CPU
		{40037744-18A2-4C8F-BFE2-0F164059D52C}.Debug|Net35.ActiveCfg = Debug|Any CPU
		{40037744-18A2-4C8F-BFE2-0F164059D52C}.Debug|Net35.Build.0 = Debug|Any CPU
		{40037744-18A2-4C8F-BFE2-0F164059D52C}.Debug|Net40.ActiveCfg = Debug|Any CPU
		{40037744-18A2-4C8F-BFE2-0F164059D52C}.Debug|Net40.Build.0 = Debug|Any CPU
		{40037744-18A2-4C8F-BFE2-0F164059D52C}.Debug|WithNRefactory.ActiveCfg = Debug|Any CPU
		{40037744-18A2-4C8F-BFE2-0F164059D52C}.Debug|WithNRefactory.Build.0 = Debug|Any CPU
		{40037744-18A2-4C8F-BFE2-0F164059D52C}.Debug|x86.ActiveCfg = Debug|Any CPU
		{40037744-18A2-4C8F-BFE2-0F164059D52C}.Debug|x86.Build.0 = Debug|Any CPU
		{40037744-18A2-4C8F-BFE2-0F164059D52C}.Release|Any CPU.ActiveCfg = Release|Any CPU
		{40037744-18A2-4C8F-BFE2-0F164059D52C}.Release|Any CPU.Build.0 = Release|Any CPU
		{40037744-18A2-4C8F-BFE2-0F164059D52C}.Release|Mixed Platforms.ActiveCfg = Release|Any CPU
		{40037744-18A2-4C8F-BFE2-0F164059D52C}.Release|Mixed Platforms.Build.0 = Release|Any CPU
		{40037744-18A2-4C8F-BFE2-0F164059D52C}.Release|Net35.ActiveCfg = Release|Any CPU
		{40037744-18A2-4C8F-BFE2-0F164059D52C}.Release|Net35.Build.0 = Release|Any CPU
		{40037744-18A2-4C8F-BFE2-0F164059D52C}.Release|Net40.ActiveCfg = Release|Any CPU
		{40037744-18A2-4C8F-BFE2-0F164059D52C}.Release|Net40.Build.0 = Release|Any CPU
		{40037744-18A2-4C8F-BFE2-0F164059D52C}.Release|WithNRefactory.ActiveCfg = Release|Any CPU
		{40037744-18A2-4C8F-BFE2-0F164059D52C}.Release|WithNRefactory.Build.0 = Release|Any CPU
		{40037744-18A2-4C8F-BFE2-0F164059D52C}.Release|x86.ActiveCfg = Release|Any CPU
		{40037744-18A2-4C8F-BFE2-0F164059D52C}.Release|x86.Build.0 = Release|Any CPU
	EndGlobalSection
	GlobalSection(SolutionProperties) = preSolution
		HideSolutionNode = FALSE
	EndGlobalSection
	GlobalSection(ExtensibilityGlobals) = postSolution
		SolutionGuid = {BD1021E0-DB7F-43B2-87B8-C97AC12F00D2}
	EndGlobalSection
EndGlobal
