
Microsoft Visual Studio Solution File, Format Version 12.00
# Visual Studio 2013
VisualStudioVersion = 12.0.40629.0
MinimumVisualStudioVersion = 10.0.40219.1
Project("{FAE04EC0-301F-11D3-BF4B-00C04F79EFBC}") = "InnovatorAdmin.Api", "InnovatorAdmin.Api\InnovatorAdmin.Api.csproj", "{7C397623-C59E-4DB2-8879-8A3385DABCD9}"
EndProject
Project("{FAE04EC0-301F-11D3-BF4B-00C04F79EFBC}") = "InnovatorAdmin", "InnovatorAdmin\InnovatorAdmin.csproj", "{56CC682F-1810-4A66-B06C-129A86621294}"
EndProject
Project("{FAE04EC0-301F-11D3-BF4B-00C04F79EFBC}") = "InnovatorAdmin.ApiTests", "InnovatorAdmin.ApiTests\InnovatorAdmin.ApiTests.csproj", "{ABE4BC56-D84A-480C-A6A7-FC7EB2E21CDB}"
EndProject
Project("{FAE04EC0-301F-11D3-BF4B-00C04F79EFBC}") = "ADiff.Api", "ADiff.Api\ADiff.Api.csproj", "{8D33A5D4-206D-4E3E-9609-968417BDEB23}"
EndProject
Project("{FAE04EC0-301F-11D3-BF4B-00C04F79EFBC}") = "ADiff.ApiTests", "ADiff.ApiTests\ADiff.ApiTests.csproj", "{DE66FD5A-FF22-433F-977A-9D62CB908A4C}"
EndProject
Project("{FAE04EC0-301F-11D3-BF4B-00C04F79EFBC}") = "ADiff.Ui", "ADiff\ADiff.Ui.csproj", "{F74031E5-F623-46E7-B21A-AC093DBADD2E}"
EndProject
Project("{2150E333-8FDC-42A3-9474-1A3956D46DE8}") = ".nuget", ".nuget", "{F03DD0BF-C5A7-4D8E-BB6C-F98029F5D903}"
	ProjectSection(SolutionItems) = preProject
		.nuget\NuGet.Config = .nuget\NuGet.Config
		.nuget\NuGet.exe = .nuget\NuGet.exe
		.nuget\NuGet.targets = .nuget\NuGet.targets
	EndProjectSection
EndProject
Project("{2150E333-8FDC-42A3-9474-1A3956D46DE8}") = "Solution Items", "Solution Items", "{F6CDF249-A6CB-43FB-A12E-488E47229B94}"
	ProjectSection(SolutionItems) = preProject
		doc\aml-studio.md = doc\aml-studio.md
		doc\innovator-installer.md = doc\innovator-installer.md
		readme.md = readme.md
	EndProjectSection
EndProject
Global
	GlobalSection(SolutionConfigurationPlatforms) = preSolution
		Debug|Any CPU = Debug|Any CPU
		Debug|Mixed Platforms = Debug|Mixed Platforms
		Debug|x86 = Debug|x86
		Release|Any CPU = Release|Any CPU
		Release|Mixed Platforms = Release|Mixed Platforms
		Release|x86 = Release|x86
	EndGlobalSection
	GlobalSection(ProjectConfigurationPlatforms) = postSolution
		{7C397623-C59E-4DB2-8879-8A3385DABCD9}.Debug|Any CPU.ActiveCfg = Debug|Any CPU
		{7C397623-C59E-4DB2-8879-8A3385DABCD9}.Debug|Any CPU.Build.0 = Debug|Any CPU
		{7C397623-C59E-4DB2-8879-8A3385DABCD9}.Debug|Mixed Platforms.ActiveCfg = Debug|Any CPU
		{7C397623-C59E-4DB2-8879-8A3385DABCD9}.Debug|Mixed Platforms.Build.0 = Debug|Any CPU
		{7C397623-C59E-4DB2-8879-8A3385DABCD9}.Debug|x86.ActiveCfg = Debug|Any CPU
		{7C397623-C59E-4DB2-8879-8A3385DABCD9}.Release|Any CPU.ActiveCfg = Release|Any CPU
		{7C397623-C59E-4DB2-8879-8A3385DABCD9}.Release|Any CPU.Build.0 = Release|Any CPU
		{7C397623-C59E-4DB2-8879-8A3385DABCD9}.Release|Mixed Platforms.ActiveCfg = Release|Any CPU
		{7C397623-C59E-4DB2-8879-8A3385DABCD9}.Release|Mixed Platforms.Build.0 = Release|Any CPU
		{7C397623-C59E-4DB2-8879-8A3385DABCD9}.Release|x86.ActiveCfg = Release|Any CPU
		{56CC682F-1810-4A66-B06C-129A86621294}.Debug|Any CPU.ActiveCfg = Debug|x86
		{56CC682F-1810-4A66-B06C-129A86621294}.Debug|Mixed Platforms.ActiveCfg = Debug|x86
		{56CC682F-1810-4A66-B06C-129A86621294}.Debug|Mixed Platforms.Build.0 = Debug|x86
		{56CC682F-1810-4A66-B06C-129A86621294}.Debug|x86.ActiveCfg = Debug|x86
		{56CC682F-1810-4A66-B06C-129A86621294}.Debug|x86.Build.0 = Debug|x86
		{56CC682F-1810-4A66-B06C-129A86621294}.Release|Any CPU.ActiveCfg = Release|x86
		{56CC682F-1810-4A66-B06C-129A86621294}.Release|Mixed Platforms.ActiveCfg = Release|x86
		{56CC682F-1810-4A66-B06C-129A86621294}.Release|Mixed Platforms.Build.0 = Release|x86
		{56CC682F-1810-4A66-B06C-129A86621294}.Release|x86.ActiveCfg = Release|x86
		{56CC682F-1810-4A66-B06C-129A86621294}.Release|x86.Build.0 = Release|x86
		{ABE4BC56-D84A-480C-A6A7-FC7EB2E21CDB}.Debug|Any CPU.ActiveCfg = Debug|Any CPU
		{ABE4BC56-D84A-480C-A6A7-FC7EB2E21CDB}.Debug|Any CPU.Build.0 = Debug|Any CPU
		{ABE4BC56-D84A-480C-A6A7-FC7EB2E21CDB}.Debug|Mixed Platforms.ActiveCfg = Debug|Any CPU
		{ABE4BC56-D84A-480C-A6A7-FC7EB2E21CDB}.Debug|Mixed Platforms.Build.0 = Debug|Any CPU
		{ABE4BC56-D84A-480C-A6A7-FC7EB2E21CDB}.Debug|x86.ActiveCfg = Debug|Any CPU
		{ABE4BC56-D84A-480C-A6A7-FC7EB2E21CDB}.Release|Any CPU.ActiveCfg = Release|Any CPU
		{ABE4BC56-D84A-480C-A6A7-FC7EB2E21CDB}.Release|Any CPU.Build.0 = Release|Any CPU
		{ABE4BC56-D84A-480C-A6A7-FC7EB2E21CDB}.Release|Mixed Platforms.ActiveCfg = Release|Any CPU
		{ABE4BC56-D84A-480C-A6A7-FC7EB2E21CDB}.Release|Mixed Platforms.Build.0 = Release|Any CPU
		{ABE4BC56-D84A-480C-A6A7-FC7EB2E21CDB}.Release|x86.ActiveCfg = Release|Any CPU
		{8D33A5D4-206D-4E3E-9609-968417BDEB23}.Debug|Any CPU.ActiveCfg = Debug|Any CPU
		{8D33A5D4-206D-4E3E-9609-968417BDEB23}.Debug|Any CPU.Build.0 = Debug|Any CPU
		{8D33A5D4-206D-4E3E-9609-968417BDEB23}.Debug|Mixed Platforms.ActiveCfg = Debug|Any CPU
		{8D33A5D4-206D-4E3E-9609-968417BDEB23}.Debug|Mixed Platforms.Build.0 = Debug|Any CPU
		{8D33A5D4-206D-4E3E-9609-968417BDEB23}.Debug|x86.ActiveCfg = Debug|Any CPU
		{8D33A5D4-206D-4E3E-9609-968417BDEB23}.Release|Any CPU.ActiveCfg = Release|Any CPU
		{8D33A5D4-206D-4E3E-9609-968417BDEB23}.Release|Any CPU.Build.0 = Release|Any CPU
		{8D33A5D4-206D-4E3E-9609-968417BDEB23}.Release|Mixed Platforms.ActiveCfg = Release|Any CPU
		{8D33A5D4-206D-4E3E-9609-968417BDEB23}.Release|Mixed Platforms.Build.0 = Release|Any CPU
		{8D33A5D4-206D-4E3E-9609-968417BDEB23}.Release|x86.ActiveCfg = Release|Any CPU
		{DE66FD5A-FF22-433F-977A-9D62CB908A4C}.Debug|Any CPU.ActiveCfg = Debug|Any CPU
		{DE66FD5A-FF22-433F-977A-9D62CB908A4C}.Debug|Any CPU.Build.0 = Debug|Any CPU
		{DE66FD5A-FF22-433F-977A-9D62CB908A4C}.Debug|Mixed Platforms.ActiveCfg = Debug|Any CPU
		{DE66FD5A-FF22-433F-977A-9D62CB908A4C}.Debug|Mixed Platforms.Build.0 = Debug|Any CPU
		{DE66FD5A-FF22-433F-977A-9D62CB908A4C}.Debug|x86.ActiveCfg = Debug|Any CPU
		{DE66FD5A-FF22-433F-977A-9D62CB908A4C}.Release|Any CPU.ActiveCfg = Release|Any CPU
		{DE66FD5A-FF22-433F-977A-9D62CB908A4C}.Release|Any CPU.Build.0 = Release|Any CPU
		{DE66FD5A-FF22-433F-977A-9D62CB908A4C}.Release|Mixed Platforms.ActiveCfg = Release|Any CPU
		{DE66FD5A-FF22-433F-977A-9D62CB908A4C}.Release|Mixed Platforms.Build.0 = Release|Any CPU
		{DE66FD5A-FF22-433F-977A-9D62CB908A4C}.Release|x86.ActiveCfg = Release|Any CPU
		{F74031E5-F623-46E7-B21A-AC093DBADD2E}.Debug|Any CPU.ActiveCfg = Debug|Any CPU
		{F74031E5-F623-46E7-B21A-AC093DBADD2E}.Debug|Any CPU.Build.0 = Debug|Any CPU
		{F74031E5-F623-46E7-B21A-AC093DBADD2E}.Debug|Mixed Platforms.ActiveCfg = Debug|Any CPU
		{F74031E5-F623-46E7-B21A-AC093DBADD2E}.Debug|Mixed Platforms.Build.0 = Debug|Any CPU
		{F74031E5-F623-46E7-B21A-AC093DBADD2E}.Debug|x86.ActiveCfg = Debug|Any CPU
		{F74031E5-F623-46E7-B21A-AC093DBADD2E}.Release|Any CPU.ActiveCfg = Release|Any CPU
		{F74031E5-F623-46E7-B21A-AC093DBADD2E}.Release|Any CPU.Build.0 = Release|Any CPU
		{F74031E5-F623-46E7-B21A-AC093DBADD2E}.Release|Mixed Platforms.ActiveCfg = Release|Any CPU
		{F74031E5-F623-46E7-B21A-AC093DBADD2E}.Release|Mixed Platforms.Build.0 = Release|Any CPU
		{F74031E5-F623-46E7-B21A-AC093DBADD2E}.Release|x86.ActiveCfg = Release|Any CPU
	EndGlobalSection
	GlobalSection(SolutionProperties) = preSolution
		HideSolutionNode = FALSE
	EndGlobalSection
EndGlobal
