
Microsoft Visual Studio Solution File, Format Version 12.00
# Visual Studio Version 17
VisualStudioVersion = 17.1.32228.430
MinimumVisualStudioVersion = 10.0.40219.1
Project("{FAE04EC0-301F-11D3-BF4B-00C04F79EFBC}") = "ICSharpCode.AvalonEdit", "ICSharpCode.AvalonEdit\ICSharpCode.AvalonEdit.csproj", "{6C55B776-26D4-4DB3-A6AB-87E783B2F3D1}"
EndProject
Project("{9A19103F-16F7-4668-BE54-9A1E7A4F7556}") = "InnovatorAdmin", "InnovatorAdmin\InnovatorAdmin.csproj", "{6AA32183-68D0-4541-9EC2-56BA2A0D2644}"
EndProject
Project("{9A19103F-16F7-4668-BE54-9A1E7A4F7556}") = "InnovatorAdmin.Api", "InnovatorAdmin.Api\InnovatorAdmin.Api.csproj", "{9DE2F917-5492-4F92-9CE8-BFEE316DE186}"
EndProject
Project("{9A19103F-16F7-4668-BE54-9A1E7A4F7556}") = "InnovatorAdmin.ApiTests", "InnovatorAdmin.ApiTests\InnovatorAdmin.ApiTests.csproj", "{D3C8F7A9-D864-47CD-8CAF-3DC0564EFD8E}"
EndProject
Project("{9A19103F-16F7-4668-BE54-9A1E7A4F7556}") = "InnovatorAdmin.Cmd", "InnovatorAdmin.Cmd\InnovatorAdmin.Cmd.csproj", "{B78A5C87-A465-4CA6-922E-75A20F72A2EE}"
EndProject
Project("{9A19103F-16F7-4668-BE54-9A1E7A4F7556}") = "InnovatorAdmin.Plugins", "InnovatorAdmin.Plugins\InnovatorAdmin.Plugins.csproj", "{9C54814E-AA57-49C3-87FC-D1DFF34A2E52}"
EndProject
Project("{9A19103F-16F7-4668-BE54-9A1E7A4F7556}") = "Innovator.Telemetry", "Telemetry\Innovator.Telemetry.csproj", "{6B3EDDC5-19E9-4EB1-84D9-7ED91C19570F}"
EndProject
Global
	GlobalSection(SolutionConfigurationPlatforms) = preSolution
		Debug|Any CPU = Debug|Any CPU
		Release|Any CPU = Release|Any CPU
	EndGlobalSection
	GlobalSection(ProjectConfigurationPlatforms) = postSolution
		{6C55B776-26D4-4DB3-A6AB-87E783B2F3D1}.Debug|Any CPU.ActiveCfg = Debug|Any CPU
		{6C55B776-26D4-4DB3-A6AB-87E783B2F3D1}.Debug|Any CPU.Build.0 = Debug|Any CPU
		{6C55B776-26D4-4DB3-A6AB-87E783B2F3D1}.Release|Any CPU.ActiveCfg = Release|Any CPU
		{6C55B776-26D4-4DB3-A6AB-87E783B2F3D1}.Release|Any CPU.Build.0 = Release|Any CPU
		{6AA32183-68D0-4541-9EC2-56BA2A0D2644}.Debug|Any CPU.ActiveCfg = Debug|Any CPU
		{6AA32183-68D0-4541-9EC2-56BA2A0D2644}.Debug|Any CPU.Build.0 = Debug|Any CPU
		{6AA32183-68D0-4541-9EC2-56BA2A0D2644}.Release|Any CPU.ActiveCfg = Release|Any CPU
		{6AA32183-68D0-4541-9EC2-56BA2A0D2644}.Release|Any CPU.Build.0 = Release|Any CPU
		{9DE2F917-5492-4F92-9CE8-BFEE316DE186}.Debug|Any CPU.ActiveCfg = Debug|Any CPU
		{9DE2F917-5492-4F92-9CE8-BFEE316DE186}.Debug|Any CPU.Build.0 = Debug|Any CPU
		{9DE2F917-5492-4F92-9CE8-BFEE316DE186}.Release|Any CPU.ActiveCfg = Release|Any CPU
		{9DE2F917-5492-4F92-9CE8-BFEE316DE186}.Release|Any CPU.Build.0 = Release|Any CPU
		{D3C8F7A9-D864-47CD-8CAF-3DC0564EFD8E}.Debug|Any CPU.ActiveCfg = Debug|Any CPU
		{D3C8F7A9-D864-47CD-8CAF-3DC0564EFD8E}.Debug|Any CPU.Build.0 = Debug|Any CPU
		{D3C8F7A9-D864-47CD-8CAF-3DC0564EFD8E}.Release|Any CPU.ActiveCfg = Release|Any CPU
		{D3C8F7A9-D864-47CD-8CAF-3DC0564EFD8E}.Release|Any CPU.Build.0 = Release|Any CPU
		{B78A5C87-A465-4CA6-922E-75A20F72A2EE}.Debug|Any CPU.ActiveCfg = Debug|Any CPU
		{B78A5C87-A465-4CA6-922E-75A20F72A2EE}.Debug|Any CPU.Build.0 = Debug|Any CPU
		{B78A5C87-A465-4CA6-922E-75A20F72A2EE}.Release|Any CPU.ActiveCfg = Release|Any CPU
		{B78A5C87-A465-4CA6-922E-75A20F72A2EE}.Release|Any CPU.Build.0 = Release|Any CPU
		{9C54814E-AA57-49C3-87FC-D1DFF34A2E52}.Debug|Any CPU.ActiveCfg = Debug|Any CPU
		{9C54814E-AA57-49C3-87FC-D1DFF34A2E52}.Debug|Any CPU.Build.0 = Debug|Any CPU
		{9C54814E-AA57-49C3-87FC-D1DFF34A2E52}.Release|Any CPU.ActiveCfg = Release|Any CPU
		{9C54814E-AA57-49C3-87FC-D1DFF34A2E52}.Release|Any CPU.Build.0 = Release|Any CPU
		{6B3EDDC5-19E9-4EB1-84D9-7ED91C19570F}.Debug|Any CPU.ActiveCfg = Debug|Any CPU
		{6B3EDDC5-19E9-4EB1-84D9-7ED91C19570F}.Debug|Any CPU.Build.0 = Debug|Any CPU
		{6B3EDDC5-19E9-4EB1-84D9-7ED91C19570F}.Release|Any CPU.ActiveCfg = Release|Any CPU
		{6B3EDDC5-19E9-4EB1-84D9-7ED91C19570F}.Release|Any CPU.Build.0 = Release|Any CPU
	EndGlobalSection
	GlobalSection(SolutionProperties) = preSolution
		HideSolutionNode = FALSE
	EndGlobalSection
	GlobalSection(ExtensibilityGlobals) = postSolution
		SolutionGuid = {FC0BA3DC-D83C-4965-ABA7-D73354A55479}
	EndGlobalSection
EndGlobal
